Microsoft Visual Studio Solution File, Format Version 12.00
# Visual Studio Version 18
VisualStudioVersion = 18.2.11415.280
MinimumVisualStudioVersion = 10.0.40219.1
Project("{2150E333-8FDC-42A3-9474-1A3956D46DE8}") = "Services", "Services", "{0038DCE7-0142-40BC-B802-0753F8E4E658}"
EndProject
Project("{FAE04EC0-301F-11D3-BF4B-00C04F79EFBC}") = "CNM.Gateway.API", "CNM.Gateway.API\CNM.Gateway.API.csproj", "{DD7BCE8B-331A-A532-EE00-A7773A1CA3D9}"
EndProject
Project("{FAE04EC0-301F-11D3-BF4B-00C04F79EFBC}") = "CNM.Movies.API", "CNM.Movies.API\CNM.Movies.API.csproj", "{3B995395-3FB5-7878-1508-DDFBB718BC63}"
EndProject
Project("{FAE04EC0-301F-11D3-BF4B-00C04F79EFBC}") = "CNM.Application", "CNM.Application\CNM.Application.csproj", "{FC537ABE-277B-FBC4-2DBC-4A83B65C9F5F}"
EndProject
Project("{FAE04EC0-301F-11D3-BF4B-00C04F79EFBC}") = "CNM.Showtimes.API", "CNM.Showtimes.API\CNM.Showtimes.API.csproj", "{BEE3EACF-B678-6135-191C-C59350CB08F0}"
EndProject
Project("{2150E333-8FDC-42A3-9474-1A3956D46DE8}") = "Tests", "Tests", "{2D413CC2-7609-4B23-99C5-F472A703C514}"
EndProject
Project("{FAE04EC0-301F-11D3-BF4B-00C04F79EFBC}") = "CNM.Gateway.Tests", "CNM.Gateway.Tests\CNM.Gateway.Tests.csproj", "{D879C04D-0989-4852-8522-9B0C97479715}"
EndProject
Project("{FAE04EC0-301F-11D3-BF4B-00C04F79EFBC}") = "CNM.Movies.Tests", "CNM.Movies.Tests\CNM.Movies.Tests.csproj", "{140D45EA-13C0-4D7C-A866-719D21DA2161}"
EndProject
Project("{FAE04EC0-301F-11D3-BF4B-00C04F79EFBC}") = "CNM.Showtimes.Tests", "CNM.Showtimes.Tests\CNM.Showtimes.Tests.csproj", "{4C8DC1CD-0A97-4608-9ECA-28363768E4DE}"
EndProject
Project("{FAE04EC0-301F-11D3-BF4B-00C04F79EFBC}") = "CNM.Application.Tests", "CNM.Application.Tests\CNM.Application.Tests.csproj", "{C7927F1F-7DF7-441A-9836-61109D8E04D5}"
EndProject
Project("{FAE04EC0-301F-11D3-BF4B-00C04F79EFBC}") = "CNM.Domain", "CNM.Domain\CNM.Domain.csproj", "{71086F77-0077-4B4C-9202-03AB8C9BD3B5}"
EndProject
Global
	GlobalSection(SolutionConfigurationPlatforms) = preSolution
		Debug|Any CPU = Debug|Any CPU
		Release|Any CPU = Release|Any CPU
	EndGlobalSection
	GlobalSection(ProjectConfigurationPlatforms) = postSolution
		{DD7BCE8B-331A-A532-EE00-A7773A1CA3D9}.Debug|Any CPU.ActiveCfg = Debug|Any CPU
		{DD7BCE8B-331A-A532-EE00-A7773A1CA3D9}.Debug|Any CPU.Build.0 = Debug|Any CPU
		{DD7BCE8B-331A-A532-EE00-A7773A1CA3D9}.Release|Any CPU.ActiveCfg = Release|Any CPU
		{DD7BCE8B-331A-A532-EE00-A7773A1CA3D9}.Release|Any CPU.Build.0 = Release|Any CPU
		{3B995395-3FB5-7878-1508-DDFBB718BC63}.Debug|Any CPU.ActiveCfg = Debug|Any CPU
		{3B995395-3FB5-7878-1508-DDFBB718BC63}.Debug|Any CPU.Build.0 = Debug|Any CPU
		{3B995395-3FB5-7878-1508-DDFBB718BC63}.Release|Any CPU.ActiveCfg = Release|Any CPU
		{3B995395-3FB5-7878-1508-DDFBB718BC63}.Release|Any CPU.Build.0 = Release|Any CPU
		{FC537ABE-277B-FBC4-2DBC-4A83B65C9F5F}.Debug|Any CPU.ActiveCfg = Debug|Any CPU
		{FC537ABE-277B-FBC4-2DBC-4A83B65C9F5F}.Debug|Any CPU.Build.0 = Debug|Any CPU
		{FC537ABE-277B-FBC4-2DBC-4A83B65C9F5F}.Release|Any CPU.ActiveCfg = Release|Any CPU
		{FC537ABE-277B-FBC4-2DBC-4A83B65C9F5F}.Release|Any CPU.Build.0 = Release|Any CPU
		{BEE3EACF-B678-6135-191C-C59350CB08F0}.Debug|Any CPU.ActiveCfg = Debug|Any CPU
		{BEE3EACF-B678-6135-191C-C59350CB08F0}.Debug|Any CPU.Build.0 = Debug|Any CPU
		{BEE3EACF-B678-6135-191C-C59350CB08F0}.Release|Any CPU.ActiveCfg = Release|Any CPU
		{BEE3EACF-B678-6135-191C-C59350CB08F0}.Release|Any CPU.Build.0 = Release|Any CPU
		{D879C04D-0989-4852-8522-9B0C97479715}.Debug|Any CPU.ActiveCfg = Debug|Any CPU
		{D879C04D-0989-4852-8522-9B0C97479715}.Debug|Any CPU.Build.0 = Debug|Any CPU
		{D879C04D-0989-4852-8522-9B0C97479715}.Release|Any CPU.ActiveCfg = Release|Any CPU
		{D879C04D-0989-4852-8522-9B0C97479715}.Release|Any CPU.Build.0 = Release|Any CPU
		{140D45EA-13C0-4D7C-A866-719D21DA2161}.Debug|Any CPU.ActiveCfg = Debug|Any CPU
		{140D45EA-13C0-4D7C-A866-719D21DA2161}.Debug|Any CPU.Build.0 = Debug|Any CPU
		{140D45EA-13C0-4D7C-A866-719D21DA2161}.Release|Any CPU.ActiveCfg = Release|Any CPU
		{140D45EA-13C0-4D7C-A866-719D21DA2161}.Release|Any CPU.Build.0 = Release|Any CPU
		{4C8DC1CD-0A97-4608-9ECA-28363768E4DE}.Debug|Any CPU.ActiveCfg = Debug|Any CPU
		{4C8DC1CD-0A97-4608-9ECA-28363768E4DE}.Debug|Any CPU.Build.0 = Debug|Any CPU
		{4C8DC1CD-0A97-4608-9ECA-28363768E4DE}.Release|Any CPU.ActiveCfg = Release|Any CPU
		{4C8DC1CD-0A97-4608-9ECA-28363768E4DE}.Release|Any CPU.Build.0 = Release|Any CPU
		{C7927F1F-7DF7-441A-9836-61109D8E04D5}.Debug|Any CPU.ActiveCfg = Debug|Any CPU
		{C7927F1F-7DF7-441A-9836-61109D8E04D5}.Debug|Any CPU.Build.0 = Debug|Any CPU
		{C7927F1F-7DF7-441A-9836-61109D8E04D5}.Release|Any CPU.ActiveCfg = Release|Any CPU
		{C7927F1F-7DF7-441A-9836-61109D8E04D5}.Release|Any CPU.Build.0 = Release|Any CPU
		{71086F77-0077-4B4C-9202-03AB8C9BD3B5}.Debug|Any CPU.ActiveCfg = Debug|Any CPU
		{71086F77-0077-4B4C-9202-03AB8C9BD3B5}.Debug|Any CPU.Build.0 = Debug|Any CPU
		{71086F77-0077-4B4C-9202-03AB8C9BD3B5}.Release|Any CPU.ActiveCfg = Release|Any CPU
		{71086F77-0077-4B4C-9202-03AB8C9BD3B5}.Release|Any CPU.Build.0 = Release|Any CPU
	EndGlobalSection
	GlobalSection(SolutionProperties) = preSolution
		HideSolutionNode = FALSE
	EndGlobalSection
	GlobalSection(NestedProjects) = preSolution
		{DD7BCE8B-331A-A532-EE00-A7773A1CA3D9} = {0038DCE7-0142-40BC-B802-0753F8E4E658}
		{3B995395-3FB5-7878-1508-DDFBB718BC63} = {0038DCE7-0142-40BC-B802-0753F8E4E658}
		{BEE3EACF-B678-6135-191C-C59350CB08F0} = {0038DCE7-0142-40BC-B802-0753F8E4E658}
		{D879C04D-0989-4852-8522-9B0C97479715} = {2D413CC2-7609-4B23-99C5-F472A703C514}
		{140D45EA-13C0-4D7C-A866-719D21DA2161} = {2D413CC2-7609-4B23-99C5-F472A703C514}
		{4C8DC1CD-0A97-4608-9ECA-28363768E4DE} = {2D413CC2-7609-4B23-99C5-F472A703C514}
		{C7927F1F-7DF7-441A-9836-61109D8E04D5} = {2D413CC2-7609-4B23-99C5-F472A703C514}
	EndGlobalSection
	GlobalSection(ExtensibilityGlobals) = postSolution
		SolutionGuid = {C52A7E7E-4F02-4B44-B7D4-995DE72CF0B3}
	EndGlobalSection
EndGlobal
